<?xml version="1.0" encoding="utf-8"?>
<Project ToolsVersion="4.0" xmlns="http://schemas.microsoft.com/developer/msbuild/2003">
  <ItemGroup>
    <Filter Include="Исходные файлы">
      <UniqueIdentifier>{4FC737F1-C7A5-4376-A066-2A32D752A2FF}</UniqueIdentifier>
      <Extensions>cpp;c;cc;cxx;c++;cppm;ixx;def;odl;idl;hpj;bat;asm;asmx</Extensions>
    </Filter>
    <Filter Include="Файлы заголовков">
      <UniqueIdentifier>{93995380-89BD-4b04-88EB-625FBE52EBFB}</UniqueIdentifier>
      <Extensions>h;hh;hpp;hxx;h++;hm;inl;inc;ipp;xsd</Extensions>
    </Filter>
    <Filter Include="Файлы ресурсов">
      <UniqueIdentifier>{67DA6AB6-F800-4c08-8B7A-83BB121AAD01}</UniqueIdentifier>
      <Extensions>rc;ico;cur;bmp;dlg;rc2;rct;bin;rgs;gif;jpg;jpeg;jpe;resx;tiff;tif;png;wav;mfcribbon-ms</Extensions>
    </Filter>
    <Filter Include="Исходные файлы\ASN1">
      <UniqueIdentifier>{3768d891-31e3-4623-99f2-3ce5b810b848}</UniqueIdentifier>
    </Filter>
    <Filter Include="Исходные файлы\sha1_git">
      <UniqueIdentifier>{042c6ef0-7511-4d56-86dd-53c15c740670}</UniqueIdentifier>
    </Filter>
    <Filter Include="Исходные файлы\sha1_git2">
      <UniqueIdentifier>{64ec755f-3f53-488c-ba00-7862f202e7d0}</UniqueIdentifier>
    </Filter>
    <Filter Include="Исходные файлы\sha256">
      <UniqueIdentifier>{9aaa29b9-292a-4bfa-9b2d-a1652411f438}</UniqueIdentifier>
    </Filter>
    <Filter Include="Исходные файлы\BigUInt">
      <UniqueIdentifier>{3bf59bd8-5b5a-45f4-82c9-053f12925f7d}</UniqueIdentifier>
    </Filter>
  </ItemGroup>
  <ItemGroup>
    <ClCompile Include="main.cpp">
      <Filter>Исходные файлы</Filter>
    </ClCompile>
    <ClCompile Include="ASN1\Decode.cpp">
      <Filter>Исходные файлы\ASN1</Filter>
    </ClCompile>
    <ClCompile Include="sha1_git\sha1.cpp">
      <Filter>Исходные файлы\sha1_git</Filter>
    </ClCompile>
    <ClCompile Include="sha1_git2\sha1 002.cpp">
      <Filter>Исходные файлы\sha1_git2</Filter>
    </ClCompile>
    <ClCompile Include="sha256\SHA256.cpp">
      <Filter>Исходные файлы\sha256</Filter>
    </ClCompile>
    <ClCompile Include="RSA Test.cpp">
      <Filter>Исходные файлы</Filter>
    </ClCompile>
    <ClCompile Include="BigUInt\BigUInt.cpp">
      <Filter>Исходные файлы\BigUInt</Filter>
    </ClCompile>
  </ItemGroup>
  <ItemGroup>
    <ClInclude Include="ASN1\Decode.hpp">
      <Filter>Исходные файлы\ASN1</Filter>
    </ClInclude>
    <ClInclude Include="ASN1\DataType.hpp">
      <Filter>Исходные файлы\ASN1</Filter>
    </ClInclude>
    <ClInclude Include="sha1_git\sha1.hpp">
      <Filter>Исходные файлы\sha1_git</Filter>
    </ClInclude>
    <ClInclude Include="sha1_git2\sha1 002.h">
      <Filter>Исходные файлы\sha1_git2</Filter>
    </ClInclude>
    <ClInclude Include="sha1_git2\sha1_loc.h">
      <Filter>Исходные файлы\sha1_git2</Filter>
    </ClInclude>
    <ClInclude Include="sha256\SHA256.h">
      <Filter>Исходные файлы\sha256</Filter>
    </ClInclude>
    <ClInclude Include="BigUInt\BigUInt.hpp">
      <Filter>Исходные файлы\BigUInt</Filter>
    </ClInclude>
  </ItemGroup>
</Project>